
Microsoft Visual Studio Solution File, Format Version 12.00
# Visual Studio Version 17
VisualStudioVersion = 17.14.36301.6 d17.14
MinimumVisualStudioVersion = 10.0.40219.1
Project("{54A90642-561A-4BB1-A94E-469ADEE60C69}") = "webapp.client", "webapp.client\webapp.client.esproj", "{43BD4B97-0D09-F2F9-AB42-F44BF4AEDF5F}"
EndProject
Project("{FAE04EC0-301F-11D3-BF4B-00C04F79EFBC}") = "WebApp.Server", "WebApp.Server\WebApp.Server.csproj", "{D26DBFD8-7449-4FCE-8AB8-D076BCB3F1CA}"
EndProject
Global
	GlobalSection(SolutionConfigurationPlatforms) = preSolution
		Debug|Any CPU = Debug|Any CPU
		Release|Any CPU = Release|Any CPU
	EndGlobalSection
	GlobalSection(ProjectConfigurationPlatforms) = postSolution
		{43BD4B97-0D09-F2F9-AB42-F44BF4AEDF5F}.Debug|Any CPU.ActiveCfg = Debug|Any CPU
		{43BD4B97-0D09-F2F9-AB42-F44BF4AEDF5F}.Debug|Any CPU.Build.0 = Debug|Any CPU
		{43BD4B97-0D09-F2F9-AB42-F44BF4AEDF5F}.Debug|Any CPU.Deploy.0 = Debug|Any CPU
		{43BD4B97-0D09-F2F9-AB42-F44BF4AEDF5F}.Release|Any CPU.ActiveCfg = Release|Any CPU
		{43BD4B97-0D09-F2F9-AB42-F44BF4AEDF5F}.Release|Any CPU.Build.0 = Release|Any CPU
		{43BD4B97-0D09-F2F9-AB42-F44BF4AEDF5F}.Release|Any CPU.Deploy.0 = Release|Any CPU
		{D26DBFD8-7449-4FCE-8AB8-D076BCB3F1CA}.Debug|Any CPU.ActiveCfg = Debug|Any CPU
		{D26DBFD8-7449-4FCE-8AB8-D076BCB3F1CA}.Debug|Any CPU.Build.0 = Debug|Any CPU
		{D26DBFD8-7449-4FCE-8AB8-D076BCB3F1CA}.Release|Any CPU.ActiveCfg = Release|Any CPU
		{D26DBFD8-7449-4FCE-8AB8-D076BCB3F1CA}.Release|Any CPU.Build.0 = Release|Any CPU
	EndGlobalSection
	GlobalSection(SolutionProperties) = preSolution
		HideSolutionNode = FALSE
	EndGlobalSection
	GlobalSection(ExtensibilityGlobals) = postSolution
		SolutionGuid = {6B761AED-6539-461A-9316-7351D9D1AB50}
	EndGlobalSection
EndGlobal
